
Microsoft Visual Studio Solution File, Format Version 12.00
# Visual Studio Version 17
VisualStudioVersion = 17.8.34525.116
MinimumVisualStudioVersion = 10.0.40219.1
Project("{FAE04EC0-301F-11D3-BF4B-00C04F79EFBC}") = "2.9-CalculatorGUI", "2.9-CalculatorGUI\2.9-CalculatorGUI.csproj", "{18CFCBAC-FEDD-44EF-92A5-7106AB1AF719}"
EndProject
Global
	GlobalSection(SolutionConfigurationPlatforms) = preSolution
		Debug|Any CPU = Debug|Any CPU
		Release|Any CPU = Release|Any CPU
	EndGlobalSection
	GlobalSection(ProjectConfigurationPlatforms) = postSolution
		{18CFCBAC-FEDD-44EF-92A5-7106AB1AF719}.Debug|Any CPU.ActiveCfg = Debug|Any CPU
		{18CFCBAC-FEDD-44EF-92A5-7106AB1AF719}.Debug|Any CPU.Build.0 = Debug|Any CPU
		{18CFCBAC-FEDD-44EF-92A5-7106AB1AF719}.Release|Any CPU.ActiveCfg = Release|Any CPU
		{18CFCBAC-FEDD-44EF-92A5-7106AB1AF719}.Release|Any CPU.Build.0 = Release|Any CPU
	EndGlobalSection
	GlobalSection(SolutionProperties) = preSolution
		HideSolutionNode = FALSE
	EndGlobalSection
	GlobalSection(ExtensibilityGlobals) = postSolution
		SolutionGuid = {4708424D-A50E-4CA5-93D7-A1E0FDE616D0}
	EndGlobalSection
EndGlobal
