
Microsoft Visual Studio Solution File, Format Version 12.00
# Visual Studio Version 17
VisualStudioVersion = 17.8.34525.116
MinimumVisualStudioVersion = 10.0.40219.1
Project("{FAE04EC0-301F-11D3-BF4B-00C04F79EFBC}") = "2.10-AlarmClockGUI", "2.10-AlarmClockGUI\2.10-AlarmClockGUI.csproj", "{77F06965-3BE5-407E-B7F1-6DCD68798943}"
EndProject
Global
	GlobalSection(SolutionConfigurationPlatforms) = preSolution
		Debug|Any CPU = Debug|Any CPU
		Release|Any CPU = Release|Any CPU
	EndGlobalSection
	GlobalSection(ProjectConfigurationPlatforms) = postSolution
		{77F06965-3BE5-407E-B7F1-6DCD68798943}.Debug|Any CPU.ActiveCfg = Debug|Any CPU
		{77F06965-3BE5-407E-B7F1-6DCD68798943}.Debug|Any CPU.Build.0 = Debug|Any CPU
		{77F06965-3BE5-407E-B7F1-6DCD68798943}.Release|Any CPU.ActiveCfg = Release|Any CPU
		{77F06965-3BE5-407E-B7F1-6DCD68798943}.Release|Any CPU.Build.0 = Release|Any CPU
	EndGlobalSection
	GlobalSection(SolutionProperties) = preSolution
		HideSolutionNode = FALSE
	EndGlobalSection
	GlobalSection(ExtensibilityGlobals) = postSolution
		SolutionGuid = {2A55554E-FB16-4B12-ADCB-72E7ACF38E5B}
	EndGlobalSection
EndGlobal
