
Microsoft Visual Studio Solution File, Format Version 12.00
# Visual Studio Version 17
VisualStudioVersion = 17.8.34525.116
MinimumVisualStudioVersion = 10.0.40219.1
Project("{FAE04EC0-301F-11D3-BF4B-00C04F79EFBC}") = "2.8-loginFormGUI", "2.8-loginFormGUI\2.8-loginFormGUI.csproj", "{E44FFE4B-2660-4E6E-A606-7F62AA81E098}"
EndProject
Global
	GlobalSection(SolutionConfigurationPlatforms) = preSolution
		Debug|Any CPU = Debug|Any CPU
		Release|Any CPU = Release|Any CPU
	EndGlobalSection
	GlobalSection(ProjectConfigurationPlatforms) = postSolution
		{E44FFE4B-2660-4E6E-A606-7F62AA81E098}.Debug|Any CPU.ActiveCfg = Debug|Any CPU
		{E44FFE4B-2660-4E6E-A606-7F62AA81E098}.Debug|Any CPU.Build.0 = Debug|Any CPU
		{E44FFE4B-2660-4E6E-A606-7F62AA81E098}.Release|Any CPU.ActiveCfg = Release|Any CPU
		{E44FFE4B-2660-4E6E-A606-7F62AA81E098}.Release|Any CPU.Build.0 = Release|Any CPU
	EndGlobalSection
	GlobalSection(SolutionProperties) = preSolution
		HideSolutionNode = FALSE
	EndGlobalSection
	GlobalSection(ExtensibilityGlobals) = postSolution
		SolutionGuid = {DECD8FE1-51CE-4D2B-988A-541E18A28D7D}
	EndGlobalSection
EndGlobal
